
Microsoft Visual Studio Solution File, Format Version 12.00
# Visual Studio 15
VisualStudioVersion = 15.0.26430.6
MinimumVisualStudioVersion = 10.0.40219.1
Project("{FAE04EC0-301F-11D3-BF4B-00C04F79EFBC}") = "Csv.Client", "Csv.Client\Csv.Client.csproj", "{7D9C2297-65B8-4651-BC73-9F719D26A3D9}"
EndProject
Project("{2150E333-8FDC-42A3-9474-1A3956D46DE8}") = "Tests", "Tests", "{627A8204-8707-4048-AB06-E1B4B8937F95}"
EndProject
Project("{2150E333-8FDC-42A3-9474-1A3956D46DE8}") = "Client", "Client", "{D60172B8-DF2E-448D-A6AC-E5596E181334}"
EndProject
Project("{2150E333-8FDC-42A3-9474-1A3956D46DE8}") = "System", "System", "{04DF7528-8F03-4537-BA28-7A03CDE33183}"
EndProject
Project("{FAE04EC0-301F-11D3-BF4B-00C04F79EFBC}") = "Csv.IO", "Csv.IO\Csv.IO.csproj", "{9754D056-E1D9-42E7-91DE-2625ECEC8D37}"
EndProject
Project("{FAE04EC0-301F-11D3-BF4B-00C04F79EFBC}") = "Csv.Read", "Csv.Read\Csv.Read.csproj", "{B78AF9F1-B9EF-490B-862C-F4C8E7DB5B0A}"
EndProject
Project("{FAE04EC0-301F-11D3-BF4B-00C04F79EFBC}") = "Csv.Write", "Csv.Write\Csv.Write.csproj", "{1F047310-FB44-4120-B010-2B4692EF6496}"
EndProject
Project("{FAE04EC0-301F-11D3-BF4B-00C04F79EFBC}") = "Csv.Validate", "Csv.Validate\Csv.Validate.csproj", "{0B12A776-C599-48C8-9554-1E654D16C3ED}"
EndProject
Project("{FAE04EC0-301F-11D3-BF4B-00C04F79EFBC}") = "Csv.Types", "Csv.Types\Csv.Types.csproj", "{B5A18015-CF6C-4941-BE0A-D7959C9678B6}"
EndProject
Project("{FAE04EC0-301F-11D3-BF4B-00C04F79EFBC}") = "Csv.WriteTests", "Csv.WriteTests\Csv.WriteTests.csproj", "{9F25E72C-C0C4-4A3A-AB10-69A9E1CD0187}"
EndProject
Project("{FAE04EC0-301F-11D3-BF4B-00C04F79EFBC}") = "Csv.ReaderTests", "Csv.ReaderTests\Csv.ReaderTests.csproj", "{02022175-CEC1-4D4D-B143-56274AFCF4DB}"
EndProject
Global
	GlobalSection(SolutionConfigurationPlatforms) = preSolution
		Debug|Any CPU = Debug|Any CPU
		Release|Any CPU = Release|Any CPU
	EndGlobalSection
	GlobalSection(ProjectConfigurationPlatforms) = postSolution
		{7D9C2297-65B8-4651-BC73-9F719D26A3D9}.Debug|Any CPU.ActiveCfg = Debug|Any CPU
		{7D9C2297-65B8-4651-BC73-9F719D26A3D9}.Debug|Any CPU.Build.0 = Debug|Any CPU
		{7D9C2297-65B8-4651-BC73-9F719D26A3D9}.Release|Any CPU.ActiveCfg = Release|Any CPU
		{7D9C2297-65B8-4651-BC73-9F719D26A3D9}.Release|Any CPU.Build.0 = Release|Any CPU
		{9754D056-E1D9-42E7-91DE-2625ECEC8D37}.Debug|Any CPU.ActiveCfg = Debug|Any CPU
		{9754D056-E1D9-42E7-91DE-2625ECEC8D37}.Debug|Any CPU.Build.0 = Debug|Any CPU
		{9754D056-E1D9-42E7-91DE-2625ECEC8D37}.Release|Any CPU.ActiveCfg = Release|Any CPU
		{9754D056-E1D9-42E7-91DE-2625ECEC8D37}.Release|Any CPU.Build.0 = Release|Any CPU
		{B78AF9F1-B9EF-490B-862C-F4C8E7DB5B0A}.Debug|Any CPU.ActiveCfg = Debug|Any CPU
		{B78AF9F1-B9EF-490B-862C-F4C8E7DB5B0A}.Debug|Any CPU.Build.0 = Debug|Any CPU
		{B78AF9F1-B9EF-490B-862C-F4C8E7DB5B0A}.Release|Any CPU.ActiveCfg = Release|Any CPU
		{B78AF9F1-B9EF-490B-862C-F4C8E7DB5B0A}.Release|Any CPU.Build.0 = Release|Any CPU
		{1F047310-FB44-4120-B010-2B4692EF6496}.Debug|Any CPU.ActiveCfg = Debug|Any CPU
		{1F047310-FB44-4120-B010-2B4692EF6496}.Debug|Any CPU.Build.0 = Debug|Any CPU
		{1F047310-FB44-4120-B010-2B4692EF6496}.Release|Any CPU.ActiveCfg = Release|Any CPU
		{1F047310-FB44-4120-B010-2B4692EF6496}.Release|Any CPU.Build.0 = Release|Any CPU
		{0B12A776-C599-48C8-9554-1E654D16C3ED}.Debug|Any CPU.ActiveCfg = Debug|Any CPU
		{0B12A776-C599-48C8-9554-1E654D16C3ED}.Debug|Any CPU.Build.0 = Debug|Any CPU
		{0B12A776-C599-48C8-9554-1E654D16C3ED}.Release|Any CPU.ActiveCfg = Release|Any CPU
		{0B12A776-C599-48C8-9554-1E654D16C3ED}.Release|Any CPU.Build.0 = Release|Any CPU
		{B5A18015-CF6C-4941-BE0A-D7959C9678B6}.Debug|Any CPU.ActiveCfg = Debug|Any CPU
		{B5A18015-CF6C-4941-BE0A-D7959C9678B6}.Debug|Any CPU.Build.0 = Debug|Any CPU
		{B5A18015-CF6C-4941-BE0A-D7959C9678B6}.Release|Any CPU.ActiveCfg = Release|Any CPU
		{B5A18015-CF6C-4941-BE0A-D7959C9678B6}.Release|Any CPU.Build.0 = Release|Any CPU
		{9F25E72C-C0C4-4A3A-AB10-69A9E1CD0187}.Debug|Any CPU.ActiveCfg = Debug|Any CPU
		{9F25E72C-C0C4-4A3A-AB10-69A9E1CD0187}.Debug|Any CPU.Build.0 = Debug|Any CPU
		{9F25E72C-C0C4-4A3A-AB10-69A9E1CD0187}.Release|Any CPU.ActiveCfg = Release|Any CPU
		{9F25E72C-C0C4-4A3A-AB10-69A9E1CD0187}.Release|Any CPU.Build.0 = Release|Any CPU
		{02022175-CEC1-4D4D-B143-56274AFCF4DB}.Debug|Any CPU.ActiveCfg = Debug|Any CPU
		{02022175-CEC1-4D4D-B143-56274AFCF4DB}.Debug|Any CPU.Build.0 = Debug|Any CPU
		{02022175-CEC1-4D4D-B143-56274AFCF4DB}.Release|Any CPU.ActiveCfg = Release|Any CPU
		{02022175-CEC1-4D4D-B143-56274AFCF4DB}.Release|Any CPU.Build.0 = Release|Any CPU
	EndGlobalSection
	GlobalSection(SolutionProperties) = preSolution
		HideSolutionNode = FALSE
	EndGlobalSection
	GlobalSection(NestedProjects) = preSolution
		{7D9C2297-65B8-4651-BC73-9F719D26A3D9} = {D60172B8-DF2E-448D-A6AC-E5596E181334}
		{9754D056-E1D9-42E7-91DE-2625ECEC8D37} = {04DF7528-8F03-4537-BA28-7A03CDE33183}
		{B78AF9F1-B9EF-490B-862C-F4C8E7DB5B0A} = {04DF7528-8F03-4537-BA28-7A03CDE33183}
		{1F047310-FB44-4120-B010-2B4692EF6496} = {04DF7528-8F03-4537-BA28-7A03CDE33183}
		{0B12A776-C599-48C8-9554-1E654D16C3ED} = {04DF7528-8F03-4537-BA28-7A03CDE33183}
		{B5A18015-CF6C-4941-BE0A-D7959C9678B6} = {04DF7528-8F03-4537-BA28-7A03CDE33183}
		{9F25E72C-C0C4-4A3A-AB10-69A9E1CD0187} = {627A8204-8707-4048-AB06-E1B4B8937F95}
		{02022175-CEC1-4D4D-B143-56274AFCF4DB} = {627A8204-8707-4048-AB06-E1B4B8937F95}
	EndGlobalSection
EndGlobal
